<?xml version="1.0" encoding="utf-8"?>
<Project ToolsVersion="4.0" xmlns="http://schemas.microsoft.com/developer/msbuild/2003">
  <ItemGroup>
    <Filter Include="Game Code">
      <UniqueIdentifier>{2bdfbf78-cdb0-4bdf-a14c-22d5bf8ebe7d}</UniqueIdentifier>
    </Filter>
    <Filter Include="Game Code\Physics">
      <UniqueIdentifier>{9588611c-8919-4364-a440-00ee2e0537a4}</UniqueIdentifier>
    </Filter>
    <Filter Include="Game Code\Game States">
      <UniqueIdentifier>{a77ad9b0-cccf-4911-8282-60128816603e}</UniqueIdentifier>
    </Filter>
    <Filter Include="Game Code\Entities">
      <UniqueIdentifier>{0c91d84b-96fa-485b-bd07-77146764354f}</UniqueIdentifier>
    </Filter>
    <Filter Include="Header Files">
      <UniqueIdentifier>{f3d632fb-eb6f-4a66-82b6-b46d1e4a878e}</UniqueIdentifier>
    </Filter>
    <Filter Include="Misc">
      <UniqueIdentifier>{ea39c2dc-8775-4b33-89d7-9d5899b9640e}</UniqueIdentifier>
    </Filter>
  </ItemGroup>
  <ItemGroup>
    <ClCompile Include="Bullet.cpp">
      <Filter>Game Code\Entities</Filter>
    </ClCompile>
    <ClCompile Include="Entity.cpp">
      <Filter>Game Code\Entities</Filter>
    </ClCompile>
    <ClCompile Include="Player.cpp">
      <Filter>Game Code\Entities</Filter>
    </ClCompile>
    <ClCompile Include="Zombie.cpp">
      <Filter>Game Code\Entities</Filter>
    </ClCompile>
    <ClCompile Include="Collision.cpp">
      <Filter>Game Code\Physics</Filter>
    </ClCompile>
    <ClCompile Include="Audio.cpp">
      <Filter>Misc</Filter>
    </ClCompile>
    <ClCompile Include="Main.cpp" />
  </ItemGroup>
  <ItemGroup>
    <ClInclude Include="Zombie.hpp">
      <Filter>Game Code\Entities</Filter>
    </ClInclude>
    <ClInclude Include="Bullet.hpp">
      <Filter>Game Code\Entities</Filter>
    </ClInclude>
    <ClInclude Include="Entity.hpp">
      <Filter>Game Code\Entities</Filter>
    </ClInclude>
    <ClInclude Include="Player.hpp">
      <Filter>Game Code\Entities</Filter>
    </ClInclude>
    <ClInclude Include="Game.hpp">
      <Filter>Game Code\Game States</Filter>
    </ClInclude>
    <ClInclude Include="Menu.hpp">
      <Filter>Game Code\Game States</Filter>
    </ClInclude>
    <ClInclude Include="Over.hpp">
      <Filter>Game Code\Game States</Filter>
    </ClInclude>
    <ClInclude Include="Collision.hpp">
      <Filter>Game Code\Physics</Filter>
    </ClInclude>
    <ClInclude Include="Board.hpp">
      <Filter>Game Code\Game States</Filter>
    </ClInclude>
    <ClInclude Include="Creds.hpp">
      <Filter>Game Code\Game States</Filter>
    </ClInclude>
    <ClInclude Include="..\ACRE Files\ACREngine.h">
      <Filter>Header Files</Filter>
    </ClInclude>
    <ClInclude Include="..\ACRE Files\ACRE_Fonts.h">
      <Filter>Header Files</Filter>
    </ClInclude>
    <ClInclude Include="..\ACRE Files\ACRE_Gameplay.h">
      <Filter>Header Files</Filter>
    </ClInclude>
    <ClInclude Include="..\ACRE Files\ACRE_Gui.h">
      <Filter>Header Files</Filter>
    </ClInclude>
    <ClInclude Include="..\ACRE Files\ACRE_Transform.h">
      <Filter>Header Files</Filter>
    </ClInclude>
    <ClInclude Include="Audio.h">
      <Filter>Misc</Filter>
    </ClInclude>
    <ClInclude Include="olcSoundWaveEngine.h">
      <Filter>Misc</Filter>
    </ClInclude>
    <ClInclude Include="Leaderboard.hpp">
      <Filter>Misc</Filter>
    </ClInclude>
    <ClInclude Include="health.hpp">
      <Filter>Misc</Filter>
    </ClInclude>
  </ItemGroup>
</Project>