
Microsoft Visual Studio Solution File, Format Version 12.00
# Visual Studio Version 17
VisualStudioVersion = 17.3.32922.545
MinimumVisualStudioVersion = 10.0.40219.1
Project("{8BC9CEB8-8B4A-11D0-8D11-00A0C91BC942}") = "Example", "Example\Example.vcxproj", "{F18A6E06-F6A7-4C38-B497-223FA9677239}"
EndProject
Project("{8BC9CEB8-8B4A-11D0-8D11-00A0C91BC942}") = "Shooter", "Shooter\Shooter.vcxproj", "{4B087D74-B9BD-4A29-8F61-CE8154BF404E}"
EndProject
Global
	GlobalSection(SolutionConfigurationPlatforms) = preSolution
		Debug|x64 = Debug|x64
		Debug|x86 = Debug|x86
		Release|x64 = Release|x64
		Release|x86 = Release|x86
	EndGlobalSection
	GlobalSection(ProjectConfigurationPlatforms) = postSolution
		{F18A6E06-F6A7-4C38-B497-223FA9677239}.Debug|x64.ActiveCfg = Debug|x64
		{F18A6E06-F6A7-4C38-B497-223FA9677239}.Debug|x64.Build.0 = Debug|x64
		{F18A6E06-F6A7-4C38-B497-223FA9677239}.Debug|x86.ActiveCfg = Debug|Win32
		{F18A6E06-F6A7-4C38-B497-223FA9677239}.Debug|x86.Build.0 = Debug|Win32
		{F18A6E06-F6A7-4C38-B497-223FA9677239}.Release|x64.ActiveCfg = Release|x64
		{F18A6E06-F6A7-4C38-B497-223FA9677239}.Release|x64.Build.0 = Release|x64
		{F18A6E06-F6A7-4C38-B497-223FA9677239}.Release|x86.ActiveCfg = Release|Win32
		{F18A6E06-F6A7-4C38-B497-223FA9677239}.Release|x86.Build.0 = Release|Win32
		{4B087D74-B9BD-4A29-8F61-CE8154BF404E}.Debug|x64.ActiveCfg = Debug|x64
		{4B087D74-B9BD-4A29-8F61-CE8154BF404E}.Debug|x64.Build.0 = Debug|x64
		{4B087D74-B9BD-4A29-8F61-CE8154BF404E}.Debug|x86.ActiveCfg = Debug|Win32
		{4B087D74-B9BD-4A29-8F61-CE8154BF404E}.Debug|x86.Build.0 = Debug|Win32
		{4B087D74-B9BD-4A29-8F61-CE8154BF404E}.Release|x64.ActiveCfg = Release|x64
		{4B087D74-B9BD-4A29-8F61-CE8154BF404E}.Release|x64.Build.0 = Release|x64
		{4B087D74-B9BD-4A29-8F61-CE8154BF404E}.Release|x86.ActiveCfg = Release|Win32
		{4B087D74-B9BD-4A29-8F61-CE8154BF404E}.Release|x86.Build.0 = Release|Win32
	EndGlobalSection
	GlobalSection(SolutionProperties) = preSolution
		HideSolutionNode = FALSE
	EndGlobalSection
	GlobalSection(ExtensibilityGlobals) = postSolution
		SolutionGuid = {81888D2F-8719-439D-B503-8663F6A9B87F}
	EndGlobalSection
EndGlobal
