
Microsoft Visual Studio Solution File, Format Version 12.00
# Visual Studio Version 17
VisualStudioVersion = 17.6.33723.286
MinimumVisualStudioVersion = 10.0.40219.1
Project("{8BC9CEB8-8B4A-11D0-8D11-00A0C91BC942}") = "ACRE File Tester", "ACRE File Tester\ACRE File Tester.vcxproj", "{0D146B5A-7F40-4376-AE18-510F73B82C57}"
EndProject
Project("{8BC9CEB8-8B4A-11D0-8D11-00A0C91BC942}") = "Image Editor", "Image Editor\Image Editor.vcxproj", "{70CEB393-DB7E-4A02-BD98-446ADC768543}"
EndProject
Project("{8BC9CEB8-8B4A-11D0-8D11-00A0C91BC942}") = "Flappy Bird", "Flappy Bird\Flappy Bird.vcxproj", "{28BBB1F6-BFA0-44FE-9CA6-4ED8DDEB2085}"
EndProject
Global
	GlobalSection(SolutionConfigurationPlatforms) = preSolution
		Debug|x64 = Debug|x64
		Debug|x86 = Debug|x86
		Release|x64 = Release|x64
		Release|x86 = Release|x86
	EndGlobalSection
	GlobalSection(ProjectConfigurationPlatforms) = postSolution
		{0D146B5A-7F40-4376-AE18-510F73B82C57}.Debug|x64.ActiveCfg = Debug|x64
		{0D146B5A-7F40-4376-AE18-510F73B82C57}.Debug|x64.Build.0 = Debug|x64
		{0D146B5A-7F40-4376-AE18-510F73B82C57}.Debug|x86.ActiveCfg = Debug|Win32
		{0D146B5A-7F40-4376-AE18-510F73B82C57}.Debug|x86.Build.0 = Debug|Win32
		{0D146B5A-7F40-4376-AE18-510F73B82C57}.Release|x64.ActiveCfg = Release|x64
		{0D146B5A-7F40-4376-AE18-510F73B82C57}.Release|x64.Build.0 = Release|x64
		{0D146B5A-7F40-4376-AE18-510F73B82C57}.Release|x86.ActiveCfg = Release|Win32
		{0D146B5A-7F40-4376-AE18-510F73B82C57}.Release|x86.Build.0 = Release|Win32
		{70CEB393-DB7E-4A02-BD98-446ADC768543}.Debug|x64.ActiveCfg = Debug|x64
		{70CEB393-DB7E-4A02-BD98-446ADC768543}.Debug|x64.Build.0 = Debug|x64
		{70CEB393-DB7E-4A02-BD98-446ADC768543}.Debug|x86.ActiveCfg = Debug|Win32
		{70CEB393-DB7E-4A02-BD98-446ADC768543}.Debug|x86.Build.0 = Debug|Win32
		{70CEB393-DB7E-4A02-BD98-446ADC768543}.Release|x64.ActiveCfg = Release|x64
		{70CEB393-DB7E-4A02-BD98-446ADC768543}.Release|x64.Build.0 = Release|x64
		{70CEB393-DB7E-4A02-BD98-446ADC768543}.Release|x86.ActiveCfg = Release|Win32
		{70CEB393-DB7E-4A02-BD98-446ADC768543}.Release|x86.Build.0 = Release|Win32
		{28BBB1F6-BFA0-44FE-9CA6-4ED8DDEB2085}.Debug|x64.ActiveCfg = Debug|x64
		{28BBB1F6-BFA0-44FE-9CA6-4ED8DDEB2085}.Debug|x64.Build.0 = Debug|x64
		{28BBB1F6-BFA0-44FE-9CA6-4ED8DDEB2085}.Debug|x86.ActiveCfg = Debug|Win32
		{28BBB1F6-BFA0-44FE-9CA6-4ED8DDEB2085}.Debug|x86.Build.0 = Debug|Win32
		{28BBB1F6-BFA0-44FE-9CA6-4ED8DDEB2085}.Release|x64.ActiveCfg = Release|x64
		{28BBB1F6-BFA0-44FE-9CA6-4ED8DDEB2085}.Release|x64.Build.0 = Release|x64
		{28BBB1F6-BFA0-44FE-9CA6-4ED8DDEB2085}.Release|x86.ActiveCfg = Release|Win32
		{28BBB1F6-BFA0-44FE-9CA6-4ED8DDEB2085}.Release|x86.Build.0 = Release|Win32
	EndGlobalSection
	GlobalSection(SolutionProperties) = preSolution
		HideSolutionNode = FALSE
	EndGlobalSection
	GlobalSection(ExtensibilityGlobals) = postSolution
		SolutionGuid = {EF115F71-CACD-42EB-9344-D5F9E8980305}
	EndGlobalSection
EndGlobal
